
Microsoft Visual Studio Solution File, Format Version 12.00
# Visual Studio 15
VisualStudioVersion = 15.0.27130.2020
MinimumVisualStudioVersion = 10.0.40219.1
Project("{FAE04EC0-301F-11D3-BF4B-00C04F79EFBC}") = "by regexF", "by regexF\by regexF.csproj", "{C821B51F-DBD7-49B8-BEB6-FA1083933C7E}"
EndProject
Global
	GlobalSection(SolutionConfigurationPlatforms) = preSolution
		Debug|Any CPU = Debug|Any CPU
		Release|Any CPU = Release|Any CPU
	EndGlobalSection
	GlobalSection(ProjectConfigurationPlatforms) = postSolution
		{C821B51F-DBD7-49B8-BEB6-FA1083933C7E}.Debug|Any CPU.ActiveCfg = Debug|Any CPU
		{C821B51F-DBD7-49B8-BEB6-FA1083933C7E}.Debug|Any CPU.Build.0 = Debug|Any CPU
		{C821B51F-DBD7-49B8-BEB6-FA1083933C7E}.Release|Any CPU.ActiveCfg = Release|Any CPU
		{C821B51F-DBD7-49B8-BEB6-FA1083933C7E}.Release|Any CPU.Build.0 = Release|Any CPU
	EndGlobalSection
	GlobalSection(SolutionProperties) = preSolution
		HideSolutionNode = FALSE
	EndGlobalSection
	GlobalSection(ExtensibilityGlobals) = postSolution
		SolutionGuid = {127EE612-7631-4F4A-AE0B-9F1B28620D94}
	EndGlobalSection
EndGlobal
